
Microsoft Visual Studio Solution File, Format Version 12.00
# Visual Studio Version 17
VisualStudioVersion = 17.6.33829.357
MinimumVisualStudioVersion = 10.0.40219.1
Project("{FAE04EC0-301F-11D3-BF4B-00C04F79EFBC}") = "PHDevIO.Infra.Data", "PHDevIO.Infra.Data\PHDevIO.Infra.Data.csproj", "{72FCE286-2E2C-4E70-84B6-F3C21F4C3CD7}"
EndProject
Project("{FAE04EC0-301F-11D3-BF4B-00C04F79EFBC}") = "PHDevIO.Domain", "PHDevIO.Domain\PHDevIO.Domain.csproj", "{02203B0E-4A40-4E8C-B517-9C2884CAD988}"
EndProject
Project("{FAE04EC0-301F-11D3-BF4B-00C04F79EFBC}") = "PHDevIO.Application", "PHDevIO.Application\PHDevIO.Application.csproj", "{B5D0487B-DC24-410E-9152-C4473E9718C4}"
EndProject
Project("{FAE04EC0-301F-11D3-BF4B-00C04F79EFBC}") = "PHDevIO.Api", "PHDevIO.Api\PHDevIO.Api.csproj", "{50EE0E6B-CEEA-4FBF-BAF3-BF0673D1059D}"
EndProject
Project("{FAE04EC0-301F-11D3-BF4B-00C04F79EFBC}") = "PHDevIO.Infra.IoC", "PHDevIO.Infra.IoC\PHDevIO.Infra.IoC.csproj", "{984A825E-6C92-45EC-951C-D0FB0B7BBB48}"
EndProject
Global
	GlobalSection(SolutionConfigurationPlatforms) = preSolution
		Debug|Any CPU = Debug|Any CPU
		Release|Any CPU = Release|Any CPU
	EndGlobalSection
	GlobalSection(ProjectConfigurationPlatforms) = postSolution
		{72FCE286-2E2C-4E70-84B6-F3C21F4C3CD7}.Debug|Any CPU.ActiveCfg = Debug|Any CPU
		{72FCE286-2E2C-4E70-84B6-F3C21F4C3CD7}.Debug|Any CPU.Build.0 = Debug|Any CPU
		{72FCE286-2E2C-4E70-84B6-F3C21F4C3CD7}.Release|Any CPU.ActiveCfg = Release|Any CPU
		{72FCE286-2E2C-4E70-84B6-F3C21F4C3CD7}.Release|Any CPU.Build.0 = Release|Any CPU
		{02203B0E-4A40-4E8C-B517-9C2884CAD988}.Debug|Any CPU.ActiveCfg = Debug|Any CPU
		{02203B0E-4A40-4E8C-B517-9C2884CAD988}.Debug|Any CPU.Build.0 = Debug|Any CPU
		{02203B0E-4A40-4E8C-B517-9C2884CAD988}.Release|Any CPU.ActiveCfg = Release|Any CPU
		{02203B0E-4A40-4E8C-B517-9C2884CAD988}.Release|Any CPU.Build.0 = Release|Any CPU
		{B5D0487B-DC24-410E-9152-C4473E9718C4}.Debug|Any CPU.ActiveCfg = Debug|Any CPU
		{B5D0487B-DC24-410E-9152-C4473E9718C4}.Debug|Any CPU.Build.0 = Debug|Any CPU
		{B5D0487B-DC24-410E-9152-C4473E9718C4}.Release|Any CPU.ActiveCfg = Release|Any CPU
		{B5D0487B-DC24-410E-9152-C4473E9718C4}.Release|Any CPU.Build.0 = Release|Any CPU
		{50EE0E6B-CEEA-4FBF-BAF3-BF0673D1059D}.Debug|Any CPU.ActiveCfg = Debug|Any CPU
		{50EE0E6B-CEEA-4FBF-BAF3-BF0673D1059D}.Debug|Any CPU.Build.0 = Debug|Any CPU
		{50EE0E6B-CEEA-4FBF-BAF3-BF0673D1059D}.Release|Any CPU.ActiveCfg = Release|Any CPU
		{50EE0E6B-CEEA-4FBF-BAF3-BF0673D1059D}.Release|Any CPU.Build.0 = Release|Any CPU
		{984A825E-6C92-45EC-951C-D0FB0B7BBB48}.Debug|Any CPU.ActiveCfg = Debug|Any CPU
		{984A825E-6C92-45EC-951C-D0FB0B7BBB48}.Debug|Any CPU.Build.0 = Debug|Any CPU
		{984A825E-6C92-45EC-951C-D0FB0B7BBB48}.Release|Any CPU.ActiveCfg = Release|Any CPU
		{984A825E-6C92-45EC-951C-D0FB0B7BBB48}.Release|Any CPU.Build.0 = Release|Any CPU
	EndGlobalSection
	GlobalSection(SolutionProperties) = preSolution
		HideSolutionNode = FALSE
	EndGlobalSection
	GlobalSection(ExtensibilityGlobals) = postSolution
		SolutionGuid = {1788B347-F94C-40C9-9E0D-3EA009E34AD5}
	EndGlobalSection
EndGlobal
